
Microsoft Visual Studio Solution File, Format Version 12.00
# Visual Studio Version 17
VisualStudioVersion = 17.3.32922.545
MinimumVisualStudioVersion = 10.0.40219.1
Project("{FAE04EC0-301F-11D3-BF4B-00C04F79EFBC}") = "Lab8", "Lab8\Lab8.csproj", "{63BA1767-32E3-44BB-B9A9-74E0D9B45D55}"
EndProject
Global
	GlobalSection(SolutionConfigurationPlatforms) = preSolution
		Debug|Any CPU = Debug|Any CPU
		Release|Any CPU = Release|Any CPU
	EndGlobalSection
	GlobalSection(ProjectConfigurationPlatforms) = postSolution
		{63BA1767-32E3-44BB-B9A9-74E0D9B45D55}.Debug|Any CPU.ActiveCfg = Debug|Any CPU
		{63BA1767-32E3-44BB-B9A9-74E0D9B45D55}.Debug|Any CPU.Build.0 = Debug|Any CPU
		{63BA1767-32E3-44BB-B9A9-74E0D9B45D55}.Release|Any CPU.ActiveCfg = Release|Any CPU
		{63BA1767-32E3-44BB-B9A9-74E0D9B45D55}.Release|Any CPU.Build.0 = Release|Any CPU
	EndGlobalSection
	GlobalSection(SolutionProperties) = preSolution
		HideSolutionNode = FALSE
	EndGlobalSection
	GlobalSection(ExtensibilityGlobals) = postSolution
		SolutionGuid = {3D740E57-8EEC-401B-AC0B-1D421FBFA155}
	EndGlobalSection
EndGlobal
